
Microsoft Visual Studio Solution File, Format Version 12.00
# Visual Studio Version 17
VisualStudioVersion = 17.8.34511.84
MinimumVisualStudioVersion = 10.0.40219.1
Project("{FAE04EC0-301F-11D3-BF4B-00C04F79EFBC}") = "service-1", "service-1\service-1.csproj", "{7E956345-5349-46C6-9AB5-6AC11E8F3163}"
EndProject
Project("{FAE04EC0-301F-11D3-BF4B-00C04F79EFBC}") = "service-2", "service-2\service-2.csproj", "{085C2B4A-1642-49AB-A076-A103A63A6799}"
EndProject
Global
	GlobalSection(SolutionConfigurationPlatforms) = preSolution
		Debug|Any CPU = Debug|Any CPU
		Release|Any CPU = Release|Any CPU
	EndGlobalSection
	GlobalSection(ProjectConfigurationPlatforms) = postSolution
		{7E956345-5349-46C6-9AB5-6AC11E8F3163}.Debug|Any CPU.ActiveCfg = Debug|Any CPU
		{7E956345-5349-46C6-9AB5-6AC11E8F3163}.Debug|Any CPU.Build.0 = Debug|Any CPU
		{7E956345-5349-46C6-9AB5-6AC11E8F3163}.Release|Any CPU.ActiveCfg = Release|Any CPU
		{7E956345-5349-46C6-9AB5-6AC11E8F3163}.Release|Any CPU.Build.0 = Release|Any CPU
		{085C2B4A-1642-49AB-A076-A103A63A6799}.Debug|Any CPU.ActiveCfg = Debug|Any CPU
		{085C2B4A-1642-49AB-A076-A103A63A6799}.Debug|Any CPU.Build.0 = Debug|Any CPU
		{085C2B4A-1642-49AB-A076-A103A63A6799}.Release|Any CPU.ActiveCfg = Release|Any CPU
		{085C2B4A-1642-49AB-A076-A103A63A6799}.Release|Any CPU.Build.0 = Release|Any CPU
	EndGlobalSection
	GlobalSection(SolutionProperties) = preSolution
		HideSolutionNode = FALSE
	EndGlobalSection
	GlobalSection(ExtensibilityGlobals) = postSolution
		SolutionGuid = {C2E627ED-1BBA-458B-9613-37B6B9174869}
	EndGlobalSection
EndGlobal
